
Microsoft Visual Studio Solution File, Format Version 12.00
# Visual Studio Version 17
VisualStudioVersion = 17.0.32126.317
MinimumVisualStudioVersion = 10.0.40219.1
Project("{FAE04EC0-301F-11D3-BF4B-00C04F79EFBC}") = "CzuEseje", "CzuEseje\CzuEseje.csproj", "{0AD0B52E-0FF8-46A4-9EFD-F8FF1A605A68}"
EndProject
Global
	GlobalSection(SolutionConfigurationPlatforms) = preSolution
		Debug|Any CPU = Debug|Any CPU
		Release|Any CPU = Release|Any CPU
	EndGlobalSection
	GlobalSection(ProjectConfigurationPlatforms) = postSolution
		{0AD0B52E-0FF8-46A4-9EFD-F8FF1A605A68}.Debug|Any CPU.ActiveCfg = Debug|Any CPU
		{0AD0B52E-0FF8-46A4-9EFD-F8FF1A605A68}.Debug|Any CPU.Build.0 = Debug|Any CPU
		{0AD0B52E-0FF8-46A4-9EFD-F8FF1A605A68}.Release|Any CPU.ActiveCfg = Release|Any CPU
		{0AD0B52E-0FF8-46A4-9EFD-F8FF1A605A68}.Release|Any CPU.Build.0 = Release|Any CPU
	EndGlobalSection
	GlobalSection(SolutionProperties) = preSolution
		HideSolutionNode = FALSE
	EndGlobalSection
	GlobalSection(ExtensibilityGlobals) = postSolution
		SolutionGuid = {A21AEC72-894A-4563-9E80-BA513BAEFE50}
	EndGlobalSection
EndGlobal
